PODS:
  - CVCalendar (1.4.0)
  - SCLAlertView (0.7.0)

DEPENDENCIES:
  - CVCalendar (~> 1.4.0)
  - SCLAlertView

SPEC CHECKSUMS:
  CVCalendar: ec1a06a508f99d8e5067258754f811a8a1433a3f
  SCLAlertView: 8a14ffc40590c619e183eed2298b854385f30be1

PODFILE CHECKSUM: 5770c5e9b3e9c8f0d90d565fa05b0aefd493e888

COCOAPODS: 1.0.1
